
Microsoft Visual Studio Solution File, Format Version 12.00
# Visual Studio Version 17
VisualStudioVersion = 17.8.34330.188
MinimumVisualStudioVersion = 10.0.40219.1
Project("{2150E333-8FDC-42A3-9474-1A3956D46DE8}") = "Core", "Core", "{20C38F63-6E9E-4E1D-AEEF-B546A3B4188F}"
EndProject
Project("{FAE04EC0-301F-11D3-BF4B-00C04F79EFBC}") = "NotePool.Domain", "Core\NotePool.Domain\NotePool.Domain.csproj", "{AC5586A8-AA67-4C94-86F6-71B751DE5205}"
EndProject
Project("{FAE04EC0-301F-11D3-BF4B-00C04F79EFBC}") = "NotePool.Application", "Core\NotePool.Application\NotePool.Application.csproj", "{3AE27BB9-01B4-4403-88CB-449DF724471B}"
EndProject
Project("{2150E333-8FDC-42A3-9474-1A3956D46DE8}") = "Infrastructure", "Infrastructure", "{47AA6B4D-DA09-4C57-8076-3CF005C2FF75}"
EndProject
Project("{FAE04EC0-301F-11D3-BF4B-00C04F79EFBC}") = "NotePool.Infrastructure", "Infrastructure\NotePool.Infrastructure\NotePool.Infrastructure.csproj", "{5A08C893-06CB-4BCB-9819-E9EC17360727}"
EndProject
Project("{FAE04EC0-301F-11D3-BF4B-00C04F79EFBC}") = "NotePool.Persistence", "Infrastructure\NotePool.Persistence\NotePool.Persistence.csproj", "{42E07BBD-6D92-4A5B-9F42-BDD651039B78}"
EndProject
Project("{2150E333-8FDC-42A3-9474-1A3956D46DE8}") = "Presentation", "Presentation", "{F7F8EB76-B955-468E-A38B-55B997FF72E8}"
EndProject
Project("{FAE04EC0-301F-11D3-BF4B-00C04F79EFBC}") = "NotePool.API", "Presentation\NotePool.API\NotePool.API.csproj", "{446B6627-CAC2-4C31-8553-B543DD9BE23C}"
EndProject
Global
	GlobalSection(SolutionConfigurationPlatforms) = preSolution
		Debug|Any CPU = Debug|Any CPU
		Release|Any CPU = Release|Any CPU
	EndGlobalSection
	GlobalSection(ProjectConfigurationPlatforms) = postSolution
		{AC5586A8-AA67-4C94-86F6-71B751DE5205}.Debug|Any CPU.ActiveCfg = Debug|Any CPU
		{AC5586A8-AA67-4C94-86F6-71B751DE5205}.Debug|Any CPU.Build.0 = Debug|Any CPU
		{AC5586A8-AA67-4C94-86F6-71B751DE5205}.Release|Any CPU.ActiveCfg = Release|Any CPU
		{AC5586A8-AA67-4C94-86F6-71B751DE5205}.Release|Any CPU.Build.0 = Release|Any CPU
		{3AE27BB9-01B4-4403-88CB-449DF724471B}.Debug|Any CPU.ActiveCfg = Debug|Any CPU
		{3AE27BB9-01B4-4403-88CB-449DF724471B}.Debug|Any CPU.Build.0 = Debug|Any CPU
		{3AE27BB9-01B4-4403-88CB-449DF724471B}.Release|Any CPU.ActiveCfg = Release|Any CPU
		{3AE27BB9-01B4-4403-88CB-449DF724471B}.Release|Any CPU.Build.0 = Release|Any CPU
		{5A08C893-06CB-4BCB-9819-E9EC17360727}.Debug|Any CPU.ActiveCfg = Debug|Any CPU
		{5A08C893-06CB-4BCB-9819-E9EC17360727}.Debug|Any CPU.Build.0 = Debug|Any CPU
		{5A08C893-06CB-4BCB-9819-E9EC17360727}.Release|Any CPU.ActiveCfg = Release|Any CPU
		{5A08C893-06CB-4BCB-9819-E9EC17360727}.Release|Any CPU.Build.0 = Release|Any CPU
		{42E07BBD-6D92-4A5B-9F42-BDD651039B78}.Debug|Any CPU.ActiveCfg = Debug|Any CPU
		{42E07BBD-6D92-4A5B-9F42-BDD651039B78}.Debug|Any CPU.Build.0 = Debug|Any CPU
		{42E07BBD-6D92-4A5B-9F42-BDD651039B78}.Release|Any CPU.ActiveCfg = Release|Any CPU
		{42E07BBD-6D92-4A5B-9F42-BDD651039B78}.Release|Any CPU.Build.0 = Release|Any CPU
		{446B6627-CAC2-4C31-8553-B543DD9BE23C}.Debug|Any CPU.ActiveCfg = Debug|Any CPU
		{446B6627-CAC2-4C31-8553-B543DD9BE23C}.Debug|Any CPU.Build.0 = Debug|Any CPU
		{446B6627-CAC2-4C31-8553-B543DD9BE23C}.Release|Any CPU.ActiveCfg = Release|Any CPU
		{446B6627-CAC2-4C31-8553-B543DD9BE23C}.Release|Any CPU.Build.0 = Release|Any CPU
	EndGlobalSection
	GlobalSection(SolutionProperties) = preSolution
		HideSolutionNode = FALSE
	EndGlobalSection
	GlobalSection(NestedProjects) = preSolution
		{AC5586A8-AA67-4C94-86F6-71B751DE5205} = {20C38F63-6E9E-4E1D-AEEF-B546A3B4188F}
		{3AE27BB9-01B4-4403-88CB-449DF724471B} = {20C38F63-6E9E-4E1D-AEEF-B546A3B4188F}
		{5A08C893-06CB-4BCB-9819-E9EC17360727} = {47AA6B4D-DA09-4C57-8076-3CF005C2FF75}
		{42E07BBD-6D92-4A5B-9F42-BDD651039B78} = {47AA6B4D-DA09-4C57-8076-3CF005C2FF75}
		{446B6627-CAC2-4C31-8553-B543DD9BE23C} = {F7F8EB76-B955-468E-A38B-55B997FF72E8}
	EndGlobalSection
	GlobalSection(ExtensibilityGlobals) = postSolution
		SolutionGuid = {AFDFEF17-DBC6-4361-9CA6-68692295FC12}
	EndGlobalSection
EndGlobal
